
Microsoft Visual Studio Solution File, Format Version 12.00
# Visual Studio Version 17
VisualStudioVersion = 17.14.36203.30 d17.14
MinimumVisualStudioVersion = 10.0.40219.1
Project("{FAE04EC0-301F-11D3-BF4B-00C04F79EFBC}") = "CodeMerger", "CodeMerger\CodeMerger.csproj", "{BC3F4E22-90F0-48CE-A742-C089452402D1}"
EndProject
Global
	GlobalSection(SolutionConfigurationPlatforms) = preSolution
		Debug|Any CPU = Debug|Any CPU
		Release|Any CPU = Release|Any CPU
	EndGlobalSection
	GlobalSection(ProjectConfigurationPlatforms) = postSolution
		{BC3F4E22-90F0-48CE-A742-C089452402D1}.Debug|Any CPU.ActiveCfg = Debug|Any CPU
		{BC3F4E22-90F0-48CE-A742-C089452402D1}.Debug|Any CPU.Build.0 = Debug|Any CPU
		{BC3F4E22-90F0-48CE-A742-C089452402D1}.Release|Any CPU.ActiveCfg = Release|Any CPU
		{BC3F4E22-90F0-48CE-A742-C089452402D1}.Release|Any CPU.Build.0 = Release|Any CPU
	EndGlobalSection
	GlobalSection(SolutionProperties) = preSolution
		HideSolutionNode = FALSE
	EndGlobalSection
	GlobalSection(ExtensibilityGlobals) = postSolution
		SolutionGuid = {DBC056C0-0E62-4923-89D8-48CBCC3E560A}
	EndGlobalSection
EndGlobal
